
Microsoft Visual Studio Solution File, Format Version 12.00
# Visual Studio Version 17
VisualStudioVersion = 17.1.32414.318
MinimumVisualStudioVersion = 10.0.40219.1
Project("{9A19103F-16F7-4668-BE54-9A1E7A4F7556}") = "WADProject", "WADProject\WADProject.csproj", "{201DE3B8-541E-4FCD-9EAC-F9E1820E0CF5}"
EndProject
Project("{2150E333-8FDC-42A3-9474-1A3956D46DE8}") = "Solution Items", "Solution Items", "{0B7F6792-CD73-4FBE-A7DF-41278672C129}"
	ProjectSection(SolutionItems) = preProject
		.editorconfig = .editorconfig
	EndProjectSection
EndProject
Global
	GlobalSection(SolutionConfigurationPlatforms) = preSolution
		Debug|Any CPU = Debug|Any CPU
		Release|Any CPU = Release|Any CPU
	EndGlobalSection
	GlobalSection(ProjectConfigurationPlatforms) = postSolution
		{201DE3B8-541E-4FCD-9EAC-F9E1820E0CF5}.Debug|Any CPU.ActiveCfg = Debug|Any CPU
		{201DE3B8-541E-4FCD-9EAC-F9E1820E0CF5}.Debug|Any CPU.Build.0 = Debug|Any CPU
		{201DE3B8-541E-4FCD-9EAC-F9E1820E0CF5}.Release|Any CPU.ActiveCfg = Release|Any CPU
		{201DE3B8-541E-4FCD-9EAC-F9E1820E0CF5}.Release|Any CPU.Build.0 = Release|Any CPU
	EndGlobalSection
	GlobalSection(SolutionProperties) = preSolution
		HideSolutionNode = FALSE
	EndGlobalSection
	GlobalSection(ExtensibilityGlobals) = postSolution
		SolutionGuid = {F160ABA0-12A1-490D-925E-3AB6AC694090}
	EndGlobalSection
EndGlobal
